
Microsoft Visual Studio Solution File, Format Version 12.00
# Visual Studio Version 17
VisualStudioVersion = 17.13.36105.23 d17.13
MinimumVisualStudioVersion = 10.0.40219.1
Project("{FAE04EC0-301F-11D3-BF4B-00C04F79EFBC}") = "nombre_magique", "nombre_magique\nombre_magique.csproj", "{522A7B34-0DE3-4538-88C4-EDB4CC1C8BE6}"
EndProject
Global
	GlobalSection(SolutionConfigurationPlatforms) = preSolution
		Debug|Any CPU = Debug|Any CPU
		Release|Any CPU = Release|Any CPU
	EndGlobalSection
	GlobalSection(ProjectConfigurationPlatforms) = postSolution
		{522A7B34-0DE3-4538-88C4-EDB4CC1C8BE6}.Debug|Any CPU.ActiveCfg = Debug|Any CPU
		{522A7B34-0DE3-4538-88C4-EDB4CC1C8BE6}.Debug|Any CPU.Build.0 = Debug|Any CPU
		{522A7B34-0DE3-4538-88C4-EDB4CC1C8BE6}.Release|Any CPU.ActiveCfg = Release|Any CPU
		{522A7B34-0DE3-4538-88C4-EDB4CC1C8BE6}.Release|Any CPU.Build.0 = Release|Any CPU
	EndGlobalSection
	GlobalSection(SolutionProperties) = preSolution
		HideSolutionNode = FALSE
	EndGlobalSection
	GlobalSection(ExtensibilityGlobals) = postSolution
		SolutionGuid = {C237D119-67DA-4E7A-9658-C1FBE46B006A}
	EndGlobalSection
EndGlobal
